{
  "name": "monorepo-testing",
  "version": "0.0.0",
  "lockfileVersion": 2,
  "requires": true,
  "packages": {
    "": {
      "name": "monorepo-testing",
      "version": "0.0.0",
      "license": "MIT",
      "workspaces": [
        "packages/*"
      ],
      "engines": {
        "node": ">=16",
        "npm": ">=8"
      }
    },
    "node_modules/@rowanmanning/mrt-example-1": {
      "resolved": "packages/example-1",
      "link": true
    },
    "node_modules/@rowanmanning/mrt-example-2": {
      "resolved": "packages/example-2",
      "link": true
    },
    "node_modules/@rowanmanning/mrt-example-3": {
      "resolved": "packages/example-3",
      "link": true
    },
    "packages/example-1": {
      "name": "@rowanmanning/mrt-example-1",
      "version": "1.0.0"
    },
    "packages/example-2": {
      "name": "@rowanmanning/mrt-example-2",
      "version": "1.0.0",
      "dependencies": {
        "@rowanmanning/mrt-example-1": "^1.0.0"
      }
    },
    "packages/example-3": {
      "name": "@rowanmanning/mrt-example-3",
      "version": "1.0.0",
      "dependencies": {
        "@rowanmanning/mrt-example-2": "^1.0.0"
      }
    }
  },
  "dependencies": {
    "@rowanmanning/mrt-example-1": {
      "version": "file:packages/example-1"
    },
    "@rowanmanning/mrt-example-2": {
      "version": "file:packages/example-2",
      "requires": {
        "@rowanmanning/mrt-example-1": "^1.0.0"
      }
    },
    "@rowanmanning/mrt-example-3": {
      "version": "file:packages/example-3",
      "requires": {
        "@rowanmanning/mrt-example-2": "^1.0.0"
      }
    }
  }
}
